<?xml version="1.0" encoding="utf-8"?>
<Project ToolsVersion="4.0" xmlns="http://schemas.microsoft.com/developer/msbuild/2003">
  <ItemGroup>
    <Filter Include="Header Files">
      <UniqueIdentifier>{93995380-89BD-4b04-88EB-625FBE52EBFB}</UniqueIdentifier>
      <Extensions>h;hpp;hxx;hm;inl;inc;xsd</Extensions>
    </Filter>
    <Filter Include="Source Files">
      <UniqueIdentifier>{4FC737F1-C7A5-4376-A066-2A32D752A2FF}</UniqueIdentifier>
      <Extensions>cpp;c;cc;cxx;def;odl;idl;hpj;bat;asm;asmx</Extensions>
    </Filter>
    <Filter Include="Ressource Files">
      <UniqueIdentifier>{67DA6AB6-F800-4c08-8B7A-83BB121AAD01}</UniqueIdentifier>
      <Extensions>rc;ico;cur;bmp;dlg;rc2;rct;bin;rgs;gif;jpg;jpeg;jpe;resx;tiff;tif;png;wav;mfcribbon-ms</Extensions>
    </Filter>
    <Filter Include="Scenes">
      <UniqueIdentifier>{3277e55d-3983-4635-8174-397a372dcac6}</UniqueIdentifier>
    </Filter>
    <Filter Include="PhysicInterfaces">
      <UniqueIdentifier>{bb5b1075-ce76-448f-a71f-ddbf5b8b2fbe}</UniqueIdentifier>
    </Filter>
  </ItemGroup>
  <ItemGroup>
    <ClInclude Include="Game.h">
      <Filter>Header Files</Filter>
    </ClInclude>
    <ClInclude Include="resource.h">
      <Filter>Header Files</Filter>
    </ClInclude>
    <ClInclude Include="targetver.h">
      <Filter>Header Files</Filter>
    </ClInclude>
    <ClInclude Include="pch.h">
      <Filter>Header Files</Filter>
    </ClInclude>
    <ClInclude Include="SimulationScene.h">
      <Filter>Header Files</Filter>
    </ClInclude>
    <ClInclude Include="Examples\FallingCubeScene.h">
      <Filter>Scenes</Filter>
    </ClInclude>
    <ClInclude Include="Examples\EmptyScene.h">
      <Filter>Scenes</Filter>
    </ClInclude>
    <ClInclude Include="PhysicInterfaces\Converter.h">
      <Filter>PhysicInterfaces</Filter>
    </ClInclude>
    <ClInclude Include="PhysicInterfaces\ParticlePlacement.h">
      <Filter>PhysicInterfaces</Filter>
    </ClInclude>
    <ClInclude Include="PhysicInterfaces\ParticlePlacementWorld.h">
      <Filter>PhysicInterfaces</Filter>
    </ClInclude>
    <ClInclude Include="PhysicInterfaces\PhysicsEngineWrapper.h">
      <Filter>PhysicInterfaces</Filter>
    </ClInclude>
    <ClInclude Include="PhysicInterfaces\RigidBodyPlacement.h">
      <Filter>PhysicInterfaces</Filter>
    </ClInclude>
    <ClInclude Include="PhysicInterfaces\RigidBodyPlacementWorld.h">
      <Filter>PhysicInterfaces</Filter>
    </ClInclude>
    <ClInclude Include="CaveScene.h">
      <Filter>Scenes</Filter>
    </ClInclude>
    <ClInclude Include="DefaultScene.h">
      <Filter>Scenes</Filter>
    </ClInclude>
  </ItemGroup>
  <ItemGroup>
    <ClCompile Include="Game.cpp">
      <Filter>Source Files</Filter>
    </ClCompile>
    <ClCompile Include="VektoriaApp.cpp">
      <Filter>Source Files</Filter>
    </ClCompile>
    <ClCompile Include="pch.cpp">
      <Filter>Source Files</Filter>
    </ClCompile>
    <ClCompile Include="SimulationScene.cpp">
      <Filter>Source Files</Filter>
    </ClCompile>
    <ClCompile Include="Examples\EmptyScene.cpp">
      <Filter>Scenes</Filter>
    </ClCompile>
    <ClCompile Include="Examples\FallingCubeScene.cpp">
      <Filter>Scenes</Filter>
    </ClCompile>
    <ClCompile Include="PhysicInterfaces\ParticlePlacement.cpp">
      <Filter>PhysicInterfaces</Filter>
    </ClCompile>
    <ClCompile Include="PhysicInterfaces\ParticlePlacementWorld.cpp">
      <Filter>PhysicInterfaces</Filter>
    </ClCompile>
    <ClCompile Include="PhysicInterfaces\PhysicsEngineWrapper.cpp">
      <Filter>PhysicInterfaces</Filter>
    </ClCompile>
    <ClCompile Include="PhysicInterfaces\RigidBodyPlacement.cpp">
      <Filter>PhysicInterfaces</Filter>
    </ClCompile>
    <ClCompile Include="PhysicInterfaces\RigidBodyPlacementWorld.cpp">
      <Filter>PhysicInterfaces</Filter>
    </ClCompile>
    <ClCompile Include="CaveScene.cpp">
      <Filter>Scenes</Filter>
    </ClCompile>
    <ClCompile Include="DefaultScene.cpp">
      <Filter>Scenes</Filter>
    </ClCompile>
  </ItemGroup>
  <ItemGroup>
    <None Include="res\VektoriaTest.ico">
      <Filter>Ressource Files</Filter>
    </None>
  </ItemGroup>
  <ItemGroup>
    <ResourceCompile Include="VektoriaApp.rc">
      <Filter>Ressource Files</Filter>
    </ResourceCompile>
  </ItemGroup>
</Project>